
Microsoft Visual Studio Solution File, Format Version 12.00
# Visual Studio Version 17
VisualStudioVersion = 17.9.34622.214
MinimumVisualStudioVersion = 10.0.40219.1
Project("{FAE04EC0-301F-11D3-BF4B-00C04F79EFBC}") = "TeamBuilderWebAPI", "TeamBuilderWebAPI\TeamBuilderWebAPI.csproj", "{758EB55D-3A07-46A0-921F-676EC4F2E16A}"
EndProject
Project("{FAE04EC0-301F-11D3-BF4B-00C04F79EFBC}") = "DomainLayer", "DomainLayer\DomainLayer.csproj", "{3D20F2DB-99ED-4497-A265-2F6AD49AF644}"
EndProject
Project("{FAE04EC0-301F-11D3-BF4B-00C04F79EFBC}") = "DataAccessLayer", "DataAccessLayer\DataAccessLayer.csproj", "{C09F6D34-2BEE-41D5-BD47-6CDB8AB914BE}"
EndProject
Project("{FAE04EC0-301F-11D3-BF4B-00C04F79EFBC}") = "ServiceLayer", "ServiceLayer\ServiceLayer.csproj", "{7A12AFB9-BC26-4B28-A53E-B4F10918BE6C}"
EndProject
Project("{FAE04EC0-301F-11D3-BF4B-00C04F79EFBC}") = "TestPlayers", "TestPlayers\TestPlayers.csproj", "{FE0F2DC9-8C0F-41BB-8792-623AD50CF16B}"
EndProject
Global
	GlobalSection(SolutionConfigurationPlatforms) = preSolution
		Debug|Any CPU = Debug|Any CPU
		Release|Any CPU = Release|Any CPU
	EndGlobalSection
	GlobalSection(ProjectConfigurationPlatforms) = postSolution
		{758EB55D-3A07-46A0-921F-676EC4F2E16A}.Debug|Any CPU.ActiveCfg = Debug|Any CPU
		{758EB55D-3A07-46A0-921F-676EC4F2E16A}.Debug|Any CPU.Build.0 = Debug|Any CPU
		{758EB55D-3A07-46A0-921F-676EC4F2E16A}.Release|Any CPU.ActiveCfg = Release|Any CPU
		{758EB55D-3A07-46A0-921F-676EC4F2E16A}.Release|Any CPU.Build.0 = Release|Any CPU
		{3D20F2DB-99ED-4497-A265-2F6AD49AF644}.Debug|Any CPU.ActiveCfg = Debug|Any CPU
		{3D20F2DB-99ED-4497-A265-2F6AD49AF644}.Debug|Any CPU.Build.0 = Debug|Any CPU
		{3D20F2DB-99ED-4497-A265-2F6AD49AF644}.Release|Any CPU.ActiveCfg = Release|Any CPU
		{3D20F2DB-99ED-4497-A265-2F6AD49AF644}.Release|Any CPU.Build.0 = Release|Any CPU
		{C09F6D34-2BEE-41D5-BD47-6CDB8AB914BE}.Debug|Any CPU.ActiveCfg = Debug|Any CPU
		{C09F6D34-2BEE-41D5-BD47-6CDB8AB914BE}.Debug|Any CPU.Build.0 = Debug|Any CPU
		{C09F6D34-2BEE-41D5-BD47-6CDB8AB914BE}.Release|Any CPU.ActiveCfg = Release|Any CPU
		{C09F6D34-2BEE-41D5-BD47-6CDB8AB914BE}.Release|Any CPU.Build.0 = Release|Any CPU
		{7A12AFB9-BC26-4B28-A53E-B4F10918BE6C}.Debug|Any CPU.ActiveCfg = Debug|Any CPU
		{7A12AFB9-BC26-4B28-A53E-B4F10918BE6C}.Debug|Any CPU.Build.0 = Debug|Any CPU
		{7A12AFB9-BC26-4B28-A53E-B4F10918BE6C}.Release|Any CPU.ActiveCfg = Release|Any CPU
		{7A12AFB9-BC26-4B28-A53E-B4F10918BE6C}.Release|Any CPU.Build.0 = Release|Any CPU
		{FE0F2DC9-8C0F-41BB-8792-623AD50CF16B}.Debug|Any CPU.ActiveCfg = Debug|Any CPU
		{FE0F2DC9-8C0F-41BB-8792-623AD50CF16B}.Debug|Any CPU.Build.0 = Debug|Any CPU
		{FE0F2DC9-8C0F-41BB-8792-623AD50CF16B}.Release|Any CPU.ActiveCfg = Release|Any CPU
		{FE0F2DC9-8C0F-41BB-8792-623AD50CF16B}.Release|Any CPU.Build.0 = Release|Any CPU
	EndGlobalSection
	GlobalSection(SolutionProperties) = preSolution
		HideSolutionNode = FALSE
	EndGlobalSection
	GlobalSection(ExtensibilityGlobals) = postSolution
		SolutionGuid = {FB6F1370-239B-4D30-AE61-8F59904F548E}
	EndGlobalSection
EndGlobal
